github.com/clong1995/go-ansi-color v0.0.0-20250821034610-68ee7d7f3e94 h1:YODd+x7/rmd+JsLBSM1R1Uq7iRU4mbkJ4wmzVoli1J0=
github.com/clong1995/go-ansi-color v0.0.0-20250821034610-68ee7d7f3e94/go.mod h1:VooDvIoinsUV4csF8TJeMU1A2UE953QZOGAjRBL94uI=
github.com/clong1995/go-config v0.0.0-20250714045939-93f655c4ffa4 h1:JpBchFi599FYJBD8xnS1Ah7GKrlpjsKK1KyIbWkdhgQ=
github.com/clong1995/go-config v0.0.0-20250714045939-93f655c4ffa4/go.mod h1:sWFwQ7v+tStLV2vKId7aBQzORq1ioZKCRXY8LX6GxRc=
github.com/clong1995/go-config v0.0.0-20250904031006-87e9919cba93 h1:Ci9gGSst+nV6LcHQLZNuUBZYEbDC+5gjH4sgQ6wrDMk=
github.com/clong1995/go-config v0.0.0-20250904031006-87e9919cba93/go.mod h1:eQ2K6h/gc2yX9BBtm4/ExXPVlOsedRlXsDBJnEKjhts=
