github.com/clong1995/go-config v0.0.0-20241018013119-7c9eb1a671ac h1:sTLgn8sqKxvvnfdrEdwnDc4Rd7+F9vyum0u1b657fl0=
github.com/clong1995/go-config v0.0.0-20241018013119-7c9eb1a671ac/go.mod h1:U+8aUkJjLYIimbrAobYsvM/GBDOgPjFZQaAqE2mL0GM=
github.com/clong1995/go-config v0.0.0-20250226023157-45462db4209f h1:mq7Cbqrbbegq8TpVft/zch6rOvS7PhOPF4RTMcxEkrs=
github.com/clong1995/go-config v0.0.0-20250226023157-45462db4209f/go.mod h1:G4Z1Nh65yNZ2uHv0h9X4KHbISb8XHrSj6k8pxrrtZTw=
